
Microsoft Visual Studio Solution File, Format Version 12.00
# Visual Studio 15
VisualStudioVersion = 15.0.28307.421
MinimumVisualStudioVersion = 10.0.40219.1
Project("{FAE04EC0-301F-11D3-BF4B-00C04F79EFBC}") = "api.dev-cart", "api.dev-cart\api.dev-cart.csproj", "{D22B27E9-7B95-4949-A75F-38EA5131106E}"
EndProject
Project("{FAE04EC0-301F-11D3-BF4B-00C04F79EFBC}") = "UnitTests", "UnitTests\UnitTests.csproj", "{707516D4-C2FB-4404-9A2D-F96CB28FB812}"
EndProject
Global
	GlobalSection(SolutionConfigurationPlatforms) = preSolution
		Debug|Any CPU = Debug|Any CPU
		Release|Any CPU = Release|Any CPU
	EndGlobalSection
	GlobalSection(ProjectConfigurationPlatforms) = postSolution
		{D22B27E9-7B95-4949-A75F-38EA5131106E}.Debug|Any CPU.ActiveCfg = Debug|Any CPU
		{D22B27E9-7B95-4949-A75F-38EA5131106E}.Debug|Any CPU.Build.0 = Debug|Any CPU
		{D22B27E9-7B95-4949-A75F-38EA5131106E}.Release|Any CPU.ActiveCfg = Release|Any CPU
		{D22B27E9-7B95-4949-A75F-38EA5131106E}.Release|Any CPU.Build.0 = Release|Any CPU
		{707516D4-C2FB-4404-9A2D-F96CB28FB812}.Debug|Any CPU.ActiveCfg = Debug|Any CPU
		{707516D4-C2FB-4404-9A2D-F96CB28FB812}.Debug|Any CPU.Build.0 = Debug|Any CPU
		{707516D4-C2FB-4404-9A2D-F96CB28FB812}.Release|Any CPU.ActiveCfg = Release|Any CPU
		{707516D4-C2FB-4404-9A2D-F96CB28FB812}.Release|Any CPU.Build.0 = Release|Any CPU
	EndGlobalSection
	GlobalSection(SolutionProperties) = preSolution
		HideSolutionNode = FALSE
	EndGlobalSection
	GlobalSection(ExtensibilityGlobals) = postSolution
		SolutionGuid = {5D9F3A73-FC96-47BC-B92D-634DDA7CEAC0}
	EndGlobalSection
EndGlobal
